{
  "name": "test",
  "version": "1.0.0",
  "lockfileVersion": 1,
  "requires": true,
  "dependencies": {
    "titbit": {
      "version": "5.3.2",
      "resolved": "https://registry.npmjs.org/titbit/-/titbit-5.3.2.tgz",
      "integrity": "sha512-+fHE/x+C7SyQPCWWNT0dNI+B4+7SD8pSTnRfE2gpCpuaZJtiQpvJCEIdCcpKItfK+iihz/CanEwXjV1gDTdj+Q=="
    },
    "titbit-loader": {
      "version": "2.1.1",
      "resolved": "https://registry.npmjs.org/titbit-loader/-/titbit-loader-2.1.1.tgz",
      "integrity": "sha512-A9oRkl0/f2PoZXTwePV1hR8+pM9GwcgZgbwEPe+9ugFPzfegYMHe7UlJD3kmL6gp92lH7yXhFHhDL44jpiOv+g=="
    }
  }
}
